
Microsoft Visual Studio Solution File, Format Version 12.00
# Visual Studio Version 16
VisualStudioVersion = 16.0.31229.75
MinimumVisualStudioVersion = 10.0.40219.1
Project("{8BC9CEB8-8B4A-11D0-8D11-00A0C91BC942}") = "2021.10.4test.cpp", "2021.10.4test.cpp.vcxproj", "{7DE67FE5-5858-4CE8-9B47-288F40DD131C}"
EndProject
Global
	GlobalSection(SolutionConfigurationPlatforms) = preSolution
		Debug|x64 = Debug|x64
		Debug|x86 = Debug|x86
		Release|x64 = Release|x64
		Release|x86 = Release|x86
	EndGlobalSection
	GlobalSection(ProjectConfigurationPlatforms) = postSolution
		{7DE67FE5-5858-4CE8-9B47-288F40DD131C}.Debug|x64.ActiveCfg = Debug|x64
		{7DE67FE5-5858-4CE8-9B47-288F40DD131C}.Debug|x64.Build.0 = Debug|x64
		{7DE67FE5-5858-4CE8-9B47-288F40DD131C}.Debug|x86.ActiveCfg = Debug|Win32
		{7DE67FE5-5858-4CE8-9B47-288F40DD131C}.Debug|x86.Build.0 = Debug|Win32
		{7DE67FE5-5858-4CE8-9B47-288F40DD131C}.Release|x64.ActiveCfg = Release|x64
		{7DE67FE5-5858-4CE8-9B47-288F40DD131C}.Release|x64.Build.0 = Release|x64
		{7DE67FE5-5858-4CE8-9B47-288F40DD131C}.Release|x86.ActiveCfg = Release|Win32
		{7DE67FE5-5858-4CE8-9B47-288F40DD131C}.Release|x86.Build.0 = Release|Win32
	EndGlobalSection
	GlobalSection(SolutionProperties) = preSolution
		HideSolutionNode = FALSE
	EndGlobalSection
	GlobalSection(ExtensibilityGlobals) = postSolution
		SolutionGuid = {BB62F5AE-A8EB-443E-8C9B-9DE04BC189F0}
	EndGlobalSection
EndGlobal
