
Microsoft Visual Studio Solution File, Format Version 12.00
# Visual Studio Version 16
VisualStudioVersion = 16.0.31229.75
MinimumVisualStudioVersion = 10.0.40219.1
Project("{8BC9CEB8-8B4A-11D0-8D11-00A0C91BC942}") = "2021.8.17test.cpp", "2021.8.17test.cpp.vcxproj", "{C01913D7-C707-4FE4-9FFA-5982FC5C8938}"
EndProject
Global
	GlobalSection(SolutionConfigurationPlatforms) = preSolution
		Debug|x64 = Debug|x64
		Debug|x86 = Debug|x86
		Release|x64 = Release|x64
		Release|x86 = Release|x86
	EndGlobalSection
	GlobalSection(ProjectConfigurationPlatforms) = postSolution
		{C01913D7-C707-4FE4-9FFA-5982FC5C8938}.Debug|x64.ActiveCfg = Debug|x64
		{C01913D7-C707-4FE4-9FFA-5982FC5C8938}.Debug|x64.Build.0 = Debug|x64
		{C01913D7-C707-4FE4-9FFA-5982FC5C8938}.Debug|x86.ActiveCfg = Debug|Win32
		{C01913D7-C707-4FE4-9FFA-5982FC5C8938}.Debug|x86.Build.0 = Debug|Win32
		{C01913D7-C707-4FE4-9FFA-5982FC5C8938}.Release|x64.ActiveCfg = Release|x64
		{C01913D7-C707-4FE4-9FFA-5982FC5C8938}.Release|x64.Build.0 = Release|x64
		{C01913D7-C707-4FE4-9FFA-5982FC5C8938}.Release|x86.ActiveCfg = Release|Win32
		{C01913D7-C707-4FE4-9FFA-5982FC5C8938}.Release|x86.Build.0 = Release|Win32
	EndGlobalSection
	GlobalSection(SolutionProperties) = preSolution
		HideSolutionNode = FALSE
	EndGlobalSection
	GlobalSection(ExtensibilityGlobals) = postSolution
		SolutionGuid = {70964C30-0904-4B9C-B84D-D271E8CDA9E8}
	EndGlobalSection
EndGlobal
