
Microsoft Visual Studio Solution File, Format Version 12.00
# Visual Studio Version 16
VisualStudioVersion = 16.0.31229.75
MinimumVisualStudioVersion = 10.0.40219.1
Project("{8BC9CEB8-8B4A-11D0-8D11-00A0C91BC942}") = "test.2021.8.8", "test.2021.8.8.vcxproj", "{282CAB3E-9002-491A-84E1-2A2FC80E0F95}"
EndProject
Global
	GlobalSection(SolutionConfigurationPlatforms) = preSolution
		Debug|x64 = Debug|x64
		Debug|x86 = Debug|x86
		Release|x64 = Release|x64
		Release|x86 = Release|x86
	EndGlobalSection
	GlobalSection(ProjectConfigurationPlatforms) = postSolution
		{282CAB3E-9002-491A-84E1-2A2FC80E0F95}.Debug|x64.ActiveCfg = Debug|x64
		{282CAB3E-9002-491A-84E1-2A2FC80E0F95}.Debug|x64.Build.0 = Debug|x64
		{282CAB3E-9002-491A-84E1-2A2FC80E0F95}.Debug|x86.ActiveCfg = Debug|Win32
		{282CAB3E-9002-491A-84E1-2A2FC80E0F95}.Debug|x86.Build.0 = Debug|Win32
		{282CAB3E-9002-491A-84E1-2A2FC80E0F95}.Release|x64.ActiveCfg = Release|x64
		{282CAB3E-9002-491A-84E1-2A2FC80E0F95}.Release|x64.Build.0 = Release|x64
		{282CAB3E-9002-491A-84E1-2A2FC80E0F95}.Release|x86.ActiveCfg = Release|Win32
		{282CAB3E-9002-491A-84E1-2A2FC80E0F95}.Release|x86.Build.0 = Release|Win32
	EndGlobalSection
	GlobalSection(SolutionProperties) = preSolution
		HideSolutionNode = FALSE
	EndGlobalSection
	GlobalSection(ExtensibilityGlobals) = postSolution
		SolutionGuid = {04420DBB-7C07-4C4E-9468-908B8147CBD2}
	EndGlobalSection
EndGlobal
